
Microsoft Visual Studio Solution File, Format Version 12.00
# Visual Studio Version 17
VisualStudioVersion = 17.1.32210.238
MinimumVisualStudioVersion = 10.0.40219.1
Project("{FAE04EC0-301F-11D3-BF4B-00C04F79EFBC}") = "Snake_DVA222", "Snake_DVA222.csproj", "{0A536FB6-7398-43DF-BC23-6E0E7955B018}"
EndProject
Global
	GlobalSection(SolutionConfigurationPlatforms) = preSolution
		Debug|Any CPU = Debug|Any CPU
		Release|Any CPU = Release|Any CPU
	EndGlobalSection
	GlobalSection(ProjectConfigurationPlatforms) = postSolution
		{0A536FB6-7398-43DF-BC23-6E0E7955B018}.Debug|Any CPU.ActiveCfg = Debug|Any CPU
		{0A536FB6-7398-43DF-BC23-6E0E7955B018}.Debug|Any CPU.Build.0 = Debug|Any CPU
		{0A536FB6-7398-43DF-BC23-6E0E7955B018}.Release|Any CPU.ActiveCfg = Release|Any CPU
		{0A536FB6-7398-43DF-BC23-6E0E7955B018}.Release|Any CPU.Build.0 = Release|Any CPU
	EndGlobalSection
	GlobalSection(SolutionProperties) = preSolution
		HideSolutionNode = FALSE
	EndGlobalSection
	GlobalSection(ExtensibilityGlobals) = postSolution
		SolutionGuid = {A9943ED8-181E-40B7-8045-78E8E4A8AD14}
	EndGlobalSection
EndGlobal
